// !$*UTF8*$!
{
	archiveVersion = 1;
	classes = {
	};
	objectVersion = 56;
	objects = {

/* Begin PBXBuildFile section */
		8A1E8624291354EC00747EFB /* LoadingIndicator.swift in Sources */ = {isa = PBXBuildFile; fileRef = 8A1E8623291354EC00747EFB /* LoadingIndicator.swift */; };
		8A32B86B2918EE1F003B4FE6 /* InputDialogView.swift in Sources */ = {isa = PBXBuildFile; fileRef = 8A32B86A2918EE1F003B4FE6 /* InputDialogView.swift */; };
		8A6B716C291D2EAB0020D631 /* UrlImageViewModel.swift in Sources */ = {isa = PBXBuildFile; fileRef = 8A6B716B291D2EAB0020D631 /* UrlImageViewModel.swift */; };
		8A6B716E291D2EED0020D631 /* UrlImageView.swift in Sources */ = {isa = PBXBuildFile; fileRef = 8A6B716D291D2EED0020D631 /* UrlImageView.swift */; };
		8A8830572906D1F5003228D6 /* WeChatApp.swift in Sources */ = {isa = PBXBuildFile; fileRef = 8A8830562906D1F5003228D6 /* WeChatApp.swift */; };
		8A88305B2906D1F6003228D6 /* Assets.xcassets in Resources */ = {isa = PBXBuildFile; fileRef = 8A88305A2906D1F6003228D6 /* Assets.xcassets */; };
		8A88305E2906D1F6003228D6 /* Preview Assets.xcassets in Resources */ = {isa = PBXBuildFile; fileRef = 8A88305D2906D1F6003228D6 /* Preview Assets.xcassets */; };
		8A8830682906D1F6003228D6 /* WeChatTests.swift in Sources */ = {isa = PBXBuildFile; fileRef = 8A8830672906D1F6003228D6 /* WeChatTests.swift */; };
		8A8830862906D3D6003228D6 /* HomeView.swift in Sources */ = {isa = PBXBuildFile; fileRef = 8A8830852906D3D6003228D6 /* HomeView.swift */; };
		8A88308F2906DD43003228D6 /* Profile.swift in Sources */ = {isa = PBXBuildFile; fileRef = 8A88308E2906DD43003228D6 /* Profile.swift */; };
		8A8830962906DE1C003228D6 /* ProfileView.swift in Sources */ = {isa = PBXBuildFile; fileRef = 8A8830952906DE1C003228D6 /* ProfileView.swift */; };
		8A88309C2906E178003228D6 /* ProfileHeaderView.swift in Sources */ = {isa = PBXBuildFile; fileRef = 8A88309B2906E178003228D6 /* ProfileHeaderView.swift */; };
		8A88309F2907A996003228D6 /* ExplorationView.swift in Sources */ = {isa = PBXBuildFile; fileRef = 8A88309E2907A996003228D6 /* ExplorationView.swift */; };
		8A8830A32907AAE7003228D6 /* TimelineView.swift in Sources */ = {isa = PBXBuildFile; fileRef = 8A8830A22907AAE7003228D6 /* TimelineView.swift */; };
		8A8830A52907AC22003228D6 /* TimelineHeaderView.swift in Sources */ = {isa = PBXBuildFile; fileRef = 8A8830A42907AC21003228D6 /* TimelineHeaderView.swift */; };
		8A8830AB2907BB2E003228D6 /* ProfileHeaderViewModel.swift in Sources */ = {isa = PBXBuildFile; fileRef = 8A8830AA2907BB2E003228D6 /* ProfileHeaderViewModel.swift */; };
		8A8830AE2909151C003228D6 /* TimelineContentViewModel.swift in Sources */ = {isa = PBXBuildFile; fileRef = 8A8830AD2909151C003228D6 /* TimelineContentViewModel.swift */; };
		8A8830B029092BE0003228D6 /* TimelineContentItemView.swift in Sources */ = {isa = PBXBuildFile; fileRef = 8A8830AF29092BE0003228D6 /* TimelineContentItemView.swift */; };
		8AE62C5A290A22EF00444CDC /* TimelineContent.swift in Sources */ = {isa = PBXBuildFile; fileRef = 8AE62C59290A22EF00444CDC /* TimelineContent.swift */; };
		8AE62C5D290B9EDE00444CDC /* ListPagination in Frameworks */ = {isa = PBXBuildFile; productRef = 8AE62C5C290B9EDE00444CDC /* ListPagination */; };
		8AE6B0FF29221632003E8F55 /* UrlImageModelTest.swift in Sources */ = {isa = PBXBuildFile; fileRef = 8AE6B0FE29221632003E8F55 /* UrlImageModelTest.swift */; };
		8AE6B10129223682003E8F55 /* TimelineContentViewModelTest.swift in Sources */ = {isa = PBXBuildFile; fileRef = 8AE6B10029223682003E8F55 /* TimelineContentViewModelTest.swift */; };
/* End PBXBuildFile section */

/* Begin PBXContainerItemProxy section */
		8A8830642906D1F6003228D6 /* PBXContainerItemProxy */ = {
			isa = PBXContainerItemProxy;
			containerPortal = 8A88304B2906D1F4003228D6 /* Project object */;
			proxyType = 1;
			remoteGlobalIDString = 8A8830522906D1F4003228D6;
			remoteInfo = WeChat;
		};
/* End PBXContainerItemProxy section */

/* Begin PBXFileReference section */
		8A1E8623291354EC00747EFB /* LoadingIndicator.swift */ = {isa = PBXFileReference; lastKnownFileType = sourcecode.swift; path = LoadingIndicator.swift; sourceTree = "<group>"; };
		8A32B86A2918EE1F003B4FE6 /* InputDialogView.swift */ = {isa = PBXFileReference; lastKnownFileType = sourcecode.swift; path = InputDialogView.swift; sourceTree = "<group>"; };
		8A6B716B291D2EAB0020D631 /* UrlImageViewModel.swift */ = {isa = PBXFileReference; lastKnownFileType = sourcecode.swift; path = UrlImageViewModel.swift; sourceTree = "<group>"; };
		8A6B716D291D2EED0020D631 /* UrlImageView.swift */ = {isa = PBXFileReference; lastKnownFileType = sourcecode.swift; path = UrlImageView.swift; sourceTree = "<group>"; };
		8A8830532906D1F5003228D6 /* WeChat.app */ = {isa = PBXFileReference; explicitFileType = wrapper.application; includeInIndex = 0; path = WeChat.app; sourceTree = BUILT_PRODUCTS_DIR; };
		8A8830562906D1F5003228D6 /* WeChatApp.swift */ = {isa = PBXFileReference; lastKnownFileType = sourcecode.swift; path = WeChatApp.swift; sourceTree = "<group>"; };
		8A88305A2906D1F6003228D6 /* Assets.xcassets */ = {isa = PBXFileReference; lastKnownFileType = folder.assetcatalog; path = Assets.xcassets; sourceTree = "<group>"; };
		8A88305D2906D1F6003228D6 /* Preview Assets.xcassets */ = {isa = PBXFileReference; lastKnownFileType = folder.assetcatalog; path = "Preview Assets.xcassets"; sourceTree = "<group>"; };
		8A8830632906D1F6003228D6 /* WeChatTests.xctest */ = {isa = PBXFileReference; explicitFileType = wrapper.cfbundle; includeInIndex = 0; path = WeChatTests.xctest; sourceTree = BUILT_PRODUCTS_DIR; };
		8A8830672906D1F6003228D6 /* WeChatTests.swift */ = {isa = PBXFileReference; lastKnownFileType = sourcecode.swift; path = WeChatTests.swift; sourceTree = "<group>"; };
		8A8830852906D3D6003228D6 /* HomeView.swift */ = {isa = PBXFileReference; lastKnownFileType = sourcecode.swift; path = HomeView.swift; sourceTree = "<group>"; };
		8A88308E2906DD43003228D6 /* Profile.swift */ = {isa = PBXFileReference; lastKnownFileType = sourcecode.swift; path = Profile.swift; sourceTree = "<group>"; };
		8A8830952906DE1C003228D6 /* ProfileView.swift */ = {isa = PBXFileReference; lastKnownFileType = sourcecode.swift; path = ProfileView.swift; sourceTree = "<group>"; };
		8A88309B2906E178003228D6 /* ProfileHeaderView.swift */ = {isa = PBXFileReference; lastKnownFileType = sourcecode.swift; path = ProfileHeaderView.swift; sourceTree = "<group>"; };
		8A88309E2907A996003228D6 /* ExplorationView.swift */ = {isa = PBXFileReference; lastKnownFileType = sourcecode.swift; path = ExplorationView.swift; sourceTree = "<group>"; };
		8A8830A22907AAE7003228D6 /* TimelineView.swift */ = {isa = PBXFileReference; lastKnownFileType = sourcecode.swift; path = TimelineView.swift; sourceTree = "<group>"; };
		8A8830A42907AC21003228D6 /* TimelineHeaderView.swift */ = {isa = PBXFileReference; lastKnownFileType = sourcecode.swift; path = TimelineHeaderView.swift; sourceTree = "<group>"; };
		8A8830AA2907BB2E003228D6 /* ProfileHeaderViewModel.swift */ = {isa = PBXFileReference; lastKnownFileType = sourcecode.swift; path = ProfileHeaderViewModel.swift; sourceTree = "<group>"; };
		8A8830AD2909151C003228D6 /* TimelineContentViewModel.swift */ = {isa = PBXFileReference; lastKnownFileType = sourcecode.swift; path = TimelineContentViewModel.swift; sourceTree = "<group>"; };
		8A8830AF29092BE0003228D6 /* TimelineContentItemView.swift */ = {isa = PBXFileReference; lastKnownFileType = sourcecode.swift; path = TimelineContentItemView.swift; sourceTree = "<group>"; };
		8AE62C59290A22EF00444CDC /* TimelineContent.swift */ = {isa = PBXFileReference; lastKnownFileType = sourcecode.swift; path = TimelineContent.swift; sourceTree = "<group>"; };
		8AE6B0FE29221632003E8F55 /* UrlImageModelTest.swift */ = {isa = PBXFileReference; lastKnownFileType = sourcecode.swift; path = UrlImageModelTest.swift; sourceTree = "<group>"; };
		8AE6B10029223682003E8F55 /* TimelineContentViewModelTest.swift */ = {isa = PBXFileReference; lastKnownFileType = sourcecode.swift; path = TimelineContentViewModelTest.swift; sourceTree = "<group>"; };
/* End PBXFileReference section */

/* Begin PBXFrameworksBuildPhase section */
		8A8830502906D1F4003228D6 /* Frameworks */ = {
			isa = PBXFrameworksBuildPhase;
			buildActionMask = 2147483647;
			files = (
				8AE62C5D290B9EDE00444CDC /* ListPagination in Frameworks */,
			);
			runOnlyForDeploymentPostprocessing = 0;
		};
		8A8830602906D1F6003228D6 /* Frameworks */ = {
			isa = PBXFrameworksBuildPhase;
			buildActionMask = 2147483647;
			files = (
			);
			runOnlyForDeploymentPostprocessing = 0;
		};
/* End PBXFrameworksBuildPhase section */

/* Begin PBXGroup section */
		8A88304A2906D1F4003228D6 = {
			isa = PBXGroup;
			children = (
				8A8830552906D1F5003228D6 /* WeChat */,
				8A8830662906D1F6003228D6 /* WeChatTests */,
				8A8830542906D1F5003228D6 /* Products */,
			);
			sourceTree = "<group>";
		};
		8A8830542906D1F5003228D6 /* Products */ = {
			isa = PBXGroup;
			children = (
				8A8830532906D1F5003228D6 /* WeChat.app */,
				8A8830632906D1F6003228D6 /* WeChatTests.xctest */,
			);
			name = Products;
			sourceTree = "<group>";
		};
		8A8830552906D1F5003228D6 /* WeChat */ = {
			isa = PBXGroup;
			children = (
				8A8830A02907AAC5003228D6 /* Timeline */,
				8A88309D2907A956003228D6 /* Exploration */,
				8A8830812906D2E3003228D6 /* Home */,
				8A8830802906D280003228D6 /* Application */,
				8A8830882906D40A003228D6 /* Profile */,
				8A88305C2906D1F6003228D6 /* Preview Content */,
			);
			path = WeChat;
			sourceTree = "<group>";
		};
		8A88305C2906D1F6003228D6 /* Preview Content */ = {
			isa = PBXGroup;
			children = (
				8A88305A2906D1F6003228D6 /* Assets.xcassets */,
				8A88305D2906D1F6003228D6 /* Preview Assets.xcassets */,
			);
			path = "Preview Content";
			sourceTree = "<group>";
		};
		8A8830662906D1F6003228D6 /* WeChatTests */ = {
			isa = PBXGroup;
			children = (
				8AE6B0FC292215D2003E8F55 /* Timeline */,
				8A8830672906D1F6003228D6 /* WeChatTests.swift */,
			);
			path = WeChatTests;
			sourceTree = "<group>";
		};
		8A8830802906D280003228D6 /* Application */ = {
			isa = PBXGroup;
			children = (
				8A8830562906D1F5003228D6 /* WeChatApp.swift */,
			);
			path = Application;
			sourceTree = "<group>";
		};
		8A8830812906D2E3003228D6 /* Home */ = {
			isa = PBXGroup;
			children = (
				8A8830852906D3D6003228D6 /* HomeView.swift */,
			);
			path = Home;
			sourceTree = "<group>";
		};
		8A8830882906D40A003228D6 /* Profile */ = {
			isa = PBXGroup;
			children = (
				8A8830A92907BAE0003228D6 /* ViewModel */,
				8A88308B2906DD01003228D6 /* Model */,
				8A8830892906DB5E003228D6 /* View */,
			);
			path = Profile;
			sourceTree = "<group>";
		};
		8A8830892906DB5E003228D6 /* View */ = {
			isa = PBXGroup;
			children = (
				8A88308A2906DB81003228D6 /* ProfileMain */,
			);
			path = View;
			sourceTree = "<group>";
		};
		8A88308A2906DB81003228D6 /* ProfileMain */ = {
			isa = PBXGroup;
			children = (
				8A8830952906DE1C003228D6 /* ProfileView.swift */,
				8A88309B2906E178003228D6 /* ProfileHeaderView.swift */,
			);
			path = ProfileMain;
			sourceTree = "<group>";
		};
		8A88308B2906DD01003228D6 /* Model */ = {
			isa = PBXGroup;
			children = (
				8A88308E2906DD43003228D6 /* Profile.swift */,
			);
			path = Model;
			sourceTree = "<group>";
		};
		8A88309D2907A956003228D6 /* Exploration */ = {
			isa = PBXGroup;
			children = (
				8A88309E2907A996003228D6 /* ExplorationView.swift */,
			);
			path = Exploration;
			sourceTree = "<group>";
		};
		8A8830A02907AAC5003228D6 /* Timeline */ = {
			isa = PBXGroup;
			children = (
				8AE62C58290A22D500444CDC /* Model */,
				8A8830AC290914C0003228D6 /* ViewModel */,
				8A8830A12907AAD6003228D6 /* View */,
			);
			path = Timeline;
			sourceTree = "<group>";
		};
		8A8830A12907AAD6003228D6 /* View */ = {
			isa = PBXGroup;
			children = (
				8A8830A22907AAE7003228D6 /* TimelineView.swift */,
				8A8830A42907AC21003228D6 /* TimelineHeaderView.swift */,
				8A8830AF29092BE0003228D6 /* TimelineContentItemView.swift */,
				8A32B86A2918EE1F003B4FE6 /* InputDialogView.swift */,
				8A1E8623291354EC00747EFB /* LoadingIndicator.swift */,
				8A6B716D291D2EED0020D631 /* UrlImageView.swift */,
			);
			path = View;
			sourceTree = "<group>";
		};
		8A8830A92907BAE0003228D6 /* ViewModel */ = {
			isa = PBXGroup;
			children = (
				8A8830AA2907BB2E003228D6 /* ProfileHeaderViewModel.swift */,
			);
			path = ViewModel;
			sourceTree = "<group>";
		};
		8A8830AC290914C0003228D6 /* ViewModel */ = {
			isa = PBXGroup;
			children = (
				8A8830AD2909151C003228D6 /* TimelineContentViewModel.swift */,
				8A6B716B291D2EAB0020D631 /* UrlImageViewModel.swift */,
			);
			path = ViewModel;
			sourceTree = "<group>";
		};
		8AE62C58290A22D500444CDC /* Model */ = {
			isa = PBXGroup;
			children = (
				8AE62C59290A22EF00444CDC /* TimelineContent.swift */,
			);
			path = Model;
			sourceTree = "<group>";
		};
		8AE6B0FC292215D2003E8F55 /* Timeline */ = {
			isa = PBXGroup;
			children = (
				8AE6B0FD292215F1003E8F55 /* ViewModel */,
			);
			path = Timeline;
			sourceTree = "<group>";
		};
		8AE6B0FD292215F1003E8F55 /* ViewModel */ = {
			isa = PBXGroup;
			children = (
				8AE6B0FE29221632003E8F55 /* UrlImageModelTest.swift */,
				8AE6B10029223682003E8F55 /* TimelineContentViewModelTest.swift */,
			);
			path = ViewModel;
			sourceTree = "<group>";
		};
/* End PBXGroup section */

/* Begin PBXNativeTarget section */
		8A8830522906D1F4003228D6 /* WeChat */ = {
			isa = PBXNativeTarget;
			buildConfigurationList = 8A8830772906D1F6003228D6 /* Build configuration list for PBXNativeTarget "WeChat" */;
			buildPhases = (
				8A88304F2906D1F4003228D6 /* Sources */,
				8A8830502906D1F4003228D6 /* Frameworks */,
				8A8830512906D1F4003228D6 /* Resources */,
			);
			buildRules = (
			);
			dependencies = (
			);
			name = WeChat;
			packageProductDependencies = (
				8AE62C5C290B9EDE00444CDC /* ListPagination */,
			);
			productName = WeChat;
			productReference = 8A8830532906D1F5003228D6 /* WeChat.app */;
			productType = "com.apple.product-type.application";
		};
		8A8830622906D1F6003228D6 /* WeChatTests */ = {
			isa = PBXNativeTarget;
			buildConfigurationList = 8A88307A2906D1F6003228D6 /* Build configuration list for PBXNativeTarget "WeChatTests" */;
			buildPhases = (
				8A88305F2906D1F6003228D6 /* Sources */,
				8A8830602906D1F6003228D6 /* Frameworks */,
				8A8830612906D1F6003228D6 /* Resources */,
			);
			buildRules = (
			);
			dependencies = (
				8A8830652906D1F6003228D6 /* PBXTargetDependency */,
			);
			name = WeChatTests;
			productName = WeChatTests;
			productReference = 8A8830632906D1F6003228D6 /* WeChatTests.xctest */;
			productType = "com.apple.product-type.bundle.unit-test";
		};
/* End PBXNativeTarget section */

/* Begin PBXProject section */
		8A88304B2906D1F4003228D6 /* Project object */ = {
			isa = PBXProject;
			attributes = {
				BuildIndependentTargetsInParallel = 1;
				LastSwiftUpdateCheck = 1400;
				LastUpgradeCheck = 1400;
				TargetAttributes = {
					8A8830522906D1F4003228D6 = {
						CreatedOnToolsVersion = 14.0.1;
					};
					8A8830622906D1F6003228D6 = {
						CreatedOnToolsVersion = 14.0.1;
						TestTargetID = 8A8830522906D1F4003228D6;
					};
				};
			};
			buildConfigurationList = 8A88304E2906D1F4003228D6 /* Build configuration list for PBXProject "WeChat" */;
			compatibilityVersion = "Xcode 14.0";
			developmentRegion = en;
			hasScannedForEncodings = 0;
			knownRegions = (
				en,
				Base,
			);
			mainGroup = 8A88304A2906D1F4003228D6;
			packageReferences = (
				8AE62C5B290B9EDE00444CDC /* XCRemoteSwiftPackageReference "ListPagination" */,
			);
			productRefGroup = 8A8830542906D1F5003228D6 /* Products */;
			projectDirPath = "";
			projectRoot = "";
			targets = (
				8A8830522906D1F4003228D6 /* WeChat */,
				8A8830622906D1F6003228D6 /* WeChatTests */,
			);
		};
/* End PBXProject section */

/* Begin PBXResourcesBuildPhase section */
		8A8830512906D1F4003228D6 /* Resources */ = {
			isa = PBXResourcesBuildPhase;
			buildActionMask = 2147483647;
			files = (
				8A88305E2906D1F6003228D6 /* Preview Assets.xcassets in Resources */,
				8A88305B2906D1F6003228D6 /* Assets.xcassets in Resources */,
			);
			runOnlyForDeploymentPostprocessing = 0;
		};
		8A8830612906D1F6003228D6 /* Resources */ = {
			isa = PBXResourcesBuildPhase;
			buildActionMask = 2147483647;
			files = (
			);
			runOnlyForDeploymentPostprocessing = 0;
		};
/* End PBXResourcesBuildPhase section */

/* Begin PBXSourcesBuildPhase section */
		8A88304F2906D1F4003228D6 /* Sources */ = {
			isa = PBXSourcesBuildPhase;
			buildActionMask = 2147483647;
			files = (
				8A8830B029092BE0003228D6 /* TimelineContentItemView.swift in Sources */,
				8A8830572906D1F5003228D6 /* WeChatApp.swift in Sources */,
				8A88309C2906E178003228D6 /* ProfileHeaderView.swift in Sources */,
				8A88308F2906DD43003228D6 /* Profile.swift in Sources */,
				8A8830962906DE1C003228D6 /* ProfileView.swift in Sources */,
				8A1E8624291354EC00747EFB /* LoadingIndicator.swift in Sources */,
				8A8830862906D3D6003228D6 /* HomeView.swift in Sources */,
				8AE62C5A290A22EF00444CDC /* TimelineContent.swift in Sources */,
				8A6B716C291D2EAB0020D631 /* UrlImageViewModel.swift in Sources */,
				8A88309F2907A996003228D6 /* ExplorationView.swift in Sources */,
				8A32B86B2918EE1F003B4FE6 /* InputDialogView.swift in Sources */,
				8A8830AB2907BB2E003228D6 /* ProfileHeaderViewModel.swift in Sources */,
				8A8830AE2909151C003228D6 /* TimelineContentViewModel.swift in Sources */,
				8A8830A32907AAE7003228D6 /* TimelineView.swift in Sources */,
				8A6B716E291D2EED0020D631 /* UrlImageView.swift in Sources */,
				8A8830A52907AC22003228D6 /* TimelineHeaderView.swift in Sources */,
			);
			runOnlyForDeploymentPostprocessing = 0;
		};
		8A88305F2906D1F6003228D6 /* Sources */ = {
			isa = PBXSourcesBuildPhase;
			buildActionMask = 2147483647;
			files = (
				8A8830682906D1F6003228D6 /* WeChatTests.swift in Sources */,
				8AE6B0FF29221632003E8F55 /* UrlImageModelTest.swift in Sources */,
				8AE6B10129223682003E8F55 /* TimelineContentViewModelTest.swift in Sources */,
			);
			runOnlyForDeploymentPostprocessing = 0;
		};
/* End PBXSourcesBuildPhase section */

/* Begin PBXTargetDependency section */
		8A8830652906D1F6003228D6 /* PBXTargetDependency */ = {
			isa = PBXTargetDependency;
			target = 8A8830522906D1F4003228D6 /* WeChat */;
			targetProxy = 8A8830642906D1F6003228D6 /* PBXContainerItemProxy */;
		};
/* End PBXTargetDependency section */

/* Begin XCBuildConfiguration section */
		8A8830752906D1F6003228D6 /* Debug */ = {
			isa = XCBuildConfiguration;
			buildSettings = {
				ALWAYS_SEARCH_USER_PATHS = NO;
				CLANG_ANALYZER_NONNULL = YES;
				CLANG_ANALYZER_NUMBER_OBJECT_CONVERSION = YES_AGGRESSIVE;
				CLANG_CXX_LANGUAGE_STANDARD = "gnu++20";
				CLANG_ENABLE_MODULES = YES;
				CLANG_ENABLE_OBJC_ARC = YES;
				CLANG_ENABLE_OBJC_WEAK = YES;
				CLANG_WARN_BLOCK_CAPTURE_AUTORELEASING = YES;
				CLANG_WARN_BOOL_CONVERSION = YES;
				CLANG_WARN_COMMA = YES;
				CLANG_WARN_CONSTANT_CONVERSION = YES;
				CLANG_WARN_DEPRECATED_OBJC_IMPLEMENTATIONS = YES;
				CLANG_WARN_DIRECT_OBJC_ISA_USAGE = YES_ERROR;
				CLANG_WARN_DOCUMENTATION_COMMENTS = YES;
				CLANG_WARN_EMPTY_BODY = YES;
				CLANG_WARN_ENUM_CONVERSION = YES;
				CLANG_WARN_INFINITE_RECURSION = YES;
				CLANG_WARN_INT_CONVERSION = YES;
				CLANG_WARN_NON_LITERAL_NULL_CONVERSION = YES;
				CLANG_WARN_OBJC_IMPLICIT_RETAIN_SELF = YES;
				CLANG_WARN_OBJC_LITERAL_CONVERSION = YES;
				CLANG_WARN_OBJC_ROOT_CLASS = YES_ERROR;
				CLANG_WARN_QUOTED_INCLUDE_IN_FRAMEWORK_HEADER = YES;
				CLANG_WARN_RANGE_LOOP_ANALYSIS = YES;
				CLANG_WARN_STRICT_PROTOTYPES = YES;
				CLANG_WARN_SUSPICIOUS_MOVE = YES;
				CLANG_WARN_UNGUARDED_AVAILABILITY = YES_AGGRESSIVE;
				CLANG_WARN_UNREACHABLE_CODE = YES;
				CLANG_WARN__DUPLICATE_METHOD_MATCH = YES;
				COPY_PHASE_STRIP = NO;
				DEBUG_INFORMATION_FORMAT = dwarf;
				ENABLE_STRICT_OBJC_MSGSEND = YES;
				ENABLE_TESTABILITY = YES;
				GCC_C_LANGUAGE_STANDARD = gnu11;
				GCC_DYNAMIC_NO_PIC = NO;
				GCC_NO_COMMON_BLOCKS = YES;
				GCC_OPTIMIZATION_LEVEL = 0;
				GCC_PREPROCESSOR_DEFINITIONS = (
					"DEBUG=1",
					"$(inherited)",
				);
				GCC_WARN_64_TO_32_BIT_CONVERSION = YES;
				GCC_WARN_ABOUT_RETURN_TYPE = YES_ERROR;
				GCC_WARN_UNDECLARED_SELECTOR = YES;
				GCC_WARN_UNINITIALIZED_AUTOS = YES_AGGRESSIVE;
				GCC_WARN_UNUSED_FUNCTION = YES;
				GCC_WARN_UNUSED_VARIABLE = YES;
				IPHONEOS_DEPLOYMENT_TARGET = 15.2;
				MTL_ENABLE_DEBUG_INFO = INCLUDE_SOURCE;
				MTL_FAST_MATH = YES;
				ONLY_ACTIVE_ARCH = YES;
				SDKROOT = iphoneos;
				SWIFT_ACTIVE_COMPILATION_CONDITIONS = DEBUG;
				SWIFT_OPTIMIZATION_LEVEL = "-Onone";
			};
			name = Debug;
		};
		8A8830762906D1F6003228D6 /* Release */ = {
			isa = XCBuildConfiguration;
			buildSettings = {
				ALWAYS_SEARCH_USER_PATHS = NO;
				CLANG_ANALYZER_NONNULL = YES;
				CLANG_ANALYZER_NUMBER_OBJECT_CONVERSION = YES_AGGRESSIVE;
				CLANG_CXX_LANGUAGE_STANDARD = "gnu++20";
				CLANG_ENABLE_MODULES = YES;
				CLANG_ENABLE_OBJC_ARC = YES;
				CLANG_ENABLE_OBJC_WEAK = YES;
				CLANG_WARN_BLOCK_CAPTURE_AUTORELEASING = YES;
				CLANG_WARN_BOOL_CONVERSION = YES;
				CLANG_WARN_COMMA = YES;
				CLANG_WARN_CONSTANT_CONVERSION = YES;
				CLANG_WARN_DEPRECATED_OBJC_IMPLEMENTATIONS = YES;
				CLANG_WARN_DIRECT_OBJC_ISA_USAGE = YES_ERROR;
				CLANG_WARN_DOCUMENTATION_COMMENTS = YES;
				CLANG_WARN_EMPTY_BODY = YES;
				CLANG_WARN_ENUM_CONVERSION = YES;
				CLANG_WARN_INFINITE_RECURSION = YES;
				CLANG_WARN_INT_CONVERSION = YES;
				CLANG_WARN_NON_LITERAL_NULL_CONVERSION = YES;
				CLANG_WARN_OBJC_IMPLICIT_RETAIN_SELF = YES;
				CLANG_WARN_OBJC_LITERAL_CONVERSION = YES;
				CLANG_WARN_OBJC_ROOT_CLASS = YES_ERROR;
				CLANG_WARN_QUOTED_INCLUDE_IN_FRAMEWORK_HEADER = YES;
				CLANG_WARN_RANGE_LOOP_ANALYSIS = YES;
				CLANG_WARN_STRICT_PROTOTYPES = YES;
				CLANG_WARN_SUSPICIOUS_MOVE = YES;
				CLANG_WARN_UNGUARDED_AVAILABILITY = YES_AGGRESSIVE;
				CLANG_WARN_UNREACHABLE_CODE = YES;
				CLANG_WARN__DUPLICATE_METHOD_MATCH = YES;
				COPY_PHASE_STRIP = NO;
				DEBUG_INFORMATION_FORMAT = "dwarf-with-dsym";
				ENABLE_NS_ASSERTIONS = NO;
				ENABLE_STRICT_OBJC_MSGSEND = YES;
				GCC_C_LANGUAGE_STANDARD = gnu11;
				GCC_NO_COMMON_BLOCKS = YES;
				GCC_WARN_64_TO_32_BIT_CONVERSION = YES;
				GCC_WARN_ABOUT_RETURN_TYPE = YES_ERROR;
				GCC_WARN_UNDECLARED_SELECTOR = YES;
				GCC_WARN_UNINITIALIZED_AUTOS = YES_AGGRESSIVE;
				GCC_WARN_UNUSED_FUNCTION = YES;
				GCC_WARN_UNUSED_VARIABLE = YES;
				IPHONEOS_DEPLOYMENT_TARGET = 15.2;
				MTL_ENABLE_DEBUG_INFO = NO;
				MTL_FAST_MATH = YES;
				SDKROOT = iphoneos;
				SWIFT_COMPILATION_MODE = wholemodule;
				SWIFT_OPTIMIZATION_LEVEL = "-O";
				VALIDATE_PRODUCT = YES;
			};
			name = Release;
		};
		8A8830782906D1F6003228D6 /* Debug */ = {
			isa = XCBuildConfiguration;
			buildSettings = {
				ASSETCATALOG_COMPILER_APPICON_NAME = AppIcon;
				ASSETCATALOG_COMPILER_GLOBAL_ACCENT_COLOR_NAME = AccentColor;
				CODE_SIGN_STYLE = Automatic;
				CURRENT_PROJECT_VERSION = 1;
				DEVELOPMENT_ASSET_PATHS = "\"WeChat/Preview Content\"";
				DEVELOPMENT_TEAM = 6DT5BM7VAW;
				ENABLE_PREVIEWS = YES;
				GENERATE_INFOPLIST_FILE = YES;
				INFOPLIST_KEY_UIApplicationSceneManifest_Generation = YES;
				INFOPLIST_KEY_UIApplicationSupportsIndirectInputEvents = YES;
				INFOPLIST_KEY_UILaunchScreen_Generation = YES;
				INFOPLIST_KEY_UISupportedInterfaceOrientations_iPad = "UIInterfaceOrientationPortrait UIInterfaceOrientationPortraitUpsideDown UIInterfaceOrientationLandscapeLeft UIInterfaceOrientationLandscapeRight";
				INFOPLIST_KEY_UISupportedInterfaceOrientations_iPhone = "UIInterfaceOrientationPortrait UIInterfaceOrientationLandscapeLeft UIInterfaceOrientationLandscapeRight";
				IPHONEOS_DEPLOYMENT_TARGET = 15.2;
				LD_RUNPATH_SEARCH_PATHS = (
					"$(inherited)",
					"@executable_path/Frameworks",
				);
				MARKETING_VERSION = 1.0;
				PRODUCT_BUNDLE_IDENTIFIER = com.thoughtworks.WeChat;
				PRODUCT_NAME = "$(TARGET_NAME)";
				SWIFT_EMIT_LOC_STRINGS = YES;
				SWIFT_VERSION = 5.0;
				TARGETED_DEVICE_FAMILY = "1,2";
			};
			name = Debug;
		};
		8A8830792906D1F6003228D6 /* Release */ = {
			isa = XCBuildConfiguration;
			buildSettings = {
				ASSETCATALOG_COMPILER_APPICON_NAME = AppIcon;
				ASSETCATALOG_COMPILER_GLOBAL_ACCENT_COLOR_NAME = AccentColor;
				CODE_SIGN_STYLE = Automatic;
				CURRENT_PROJECT_VERSION = 1;
				DEVELOPMENT_ASSET_PATHS = "\"WeChat/Preview Content\"";
				DEVELOPMENT_TEAM = 6DT5BM7VAW;
				ENABLE_PREVIEWS = YES;
				GENERATE_INFOPLIST_FILE = YES;
				INFOPLIST_KEY_UIApplicationSceneManifest_Generation = YES;
				INFOPLIST_KEY_UIApplicationSupportsIndirectInputEvents = YES;
				INFOPLIST_KEY_UILaunchScreen_Generation = YES;
				INFOPLIST_KEY_UISupportedInterfaceOrientations_iPad = "UIInterfaceOrientationPortrait UIInterfaceOrientationPortraitUpsideDown UIInterfaceOrientationLandscapeLeft UIInterfaceOrientationLandscapeRight";
				INFOPLIST_KEY_UISupportedInterfaceOrientations_iPhone = "UIInterfaceOrientationPortrait UIInterfaceOrientationLandscapeLeft UIInterfaceOrientationLandscapeRight";
				IPHONEOS_DEPLOYMENT_TARGET = 15.2;
				LD_RUNPATH_SEARCH_PATHS = (
					"$(inherited)",
					"@executable_path/Frameworks",
				);
				MARKETING_VERSION = 1.0;
				PRODUCT_BUNDLE_IDENTIFIER = com.thoughtworks.WeChat;
				PRODUCT_NAME = "$(TARGET_NAME)";
				SWIFT_EMIT_LOC_STRINGS = YES;
				SWIFT_VERSION = 5.0;
				TARGETED_DEVICE_FAMILY = "1,2";
			};
			name = Release;
		};
		8A88307B2906D1F6003228D6 /* Debug */ = {
			isa = XCBuildConfiguration;
			buildSettings = {
				ALWAYS_EMBED_SWIFT_STANDARD_LIBRARIES = YES;
				BUNDLE_LOADER = "$(TEST_HOST)";
				CODE_SIGN_STYLE = Automatic;
				CURRENT_PROJECT_VERSION = 1;
				GENERATE_INFOPLIST_FILE = YES;
				IPHONEOS_DEPLOYMENT_TARGET = 16.0;
				MARKETING_VERSION = 1.0;
				PRODUCT_BUNDLE_IDENTIFIER = com.thoughtworks.WeChatTests;
				PRODUCT_NAME = "$(TARGET_NAME)";
				SWIFT_EMIT_LOC_STRINGS = NO;
				SWIFT_VERSION = 5.0;
				TARGETED_DEVICE_FAMILY = "1,2";
				TEST_HOST = "$(BUILT_PRODUCTS_DIR)/WeChat.app/$(BUNDLE_EXECUTABLE_FOLDER_PATH)/WeChat";
			};
			name = Debug;
		};
		8A88307C2906D1F6003228D6 /* Release */ = {
			isa = XCBuildConfiguration;
			buildSettings = {
				ALWAYS_EMBED_SWIFT_STANDARD_LIBRARIES = YES;
				BUNDLE_LOADER = "$(TEST_HOST)";
				CODE_SIGN_STYLE = Automatic;
				CURRENT_PROJECT_VERSION = 1;
				GENERATE_INFOPLIST_FILE = YES;
				IPHONEOS_DEPLOYMENT_TARGET = 16.0;
				MARKETING_VERSION = 1.0;
				PRODUCT_BUNDLE_IDENTIFIER = com.thoughtworks.WeChatTests;
				PRODUCT_NAME = "$(TARGET_NAME)";
				SWIFT_EMIT_LOC_STRINGS = NO;
				SWIFT_VERSION = 5.0;
				TARGETED_DEVICE_FAMILY = "1,2";
				TEST_HOST = "$(BUILT_PRODUCTS_DIR)/WeChat.app/$(BUNDLE_EXECUTABLE_FOLDER_PATH)/WeChat";
			};
			name = Release;
		};
/* End XCBuildConfiguration section */

/* Begin XCConfigurationList section */
		8A88304E2906D1F4003228D6 /* Build configuration list for PBXProject "WeChat" */ = {
			isa = XCConfigurationList;
			buildConfigurations = (
				8A8830752906D1F6003228D6 /* Debug */,
				8A8830762906D1F6003228D6 /* Release */,
			);
			defaultConfigurationIsVisible = 0;
			defaultConfigurationName = Release;
		};
		8A8830772906D1F6003228D6 /* Build configuration list for PBXNativeTarget "WeChat" */ = {
			isa = XCConfigurationList;
			buildConfigurations = (
				8A8830782906D1F6003228D6 /* Debug */,
				8A8830792906D1F6003228D6 /* Release */,
			);
			defaultConfigurationIsVisible = 0;
			defaultConfigurationName = Release;
		};
		8A88307A2906D1F6003228D6 /* Build configuration list for PBXNativeTarget "WeChatTests" */ = {
			isa = XCConfigurationList;
			buildConfigurations = (
				8A88307B2906D1F6003228D6 /* Debug */,
				8A88307C2906D1F6003228D6 /* Release */,
			);
			defaultConfigurationIsVisible = 0;
			defaultConfigurationName = Release;
		};
/* End XCConfigurationList section */

/* Begin XCRemoteSwiftPackageReference section */
		8AE62C5B290B9EDE00444CDC /* XCRemoteSwiftPackageReference "ListPagination" */ = {
			isa = XCRemoteSwiftPackageReference;
			repositoryURL = "https://github.com/crelies/ListPagination";
			requirement = {
				kind = upToNextMajorVersion;
				minimumVersion = 0.1.1;
			};
		};
/* End XCRemoteSwiftPackageReference section */

/* Begin XCSwiftPackageProductDependency section */
		8AE62C5C290B9EDE00444CDC /* ListPagination */ = {
			isa = XCSwiftPackageProductDependency;
			package = 8AE62C5B290B9EDE00444CDC /* XCRemoteSwiftPackageReference "ListPagination" */;
			productName = ListPagination;
		};
/* End XCSwiftPackageProductDependency section */
	};
	rootObject = 8A88304B2906D1F4003228D6 /* Project object */;
}
